
Microsoft Visual Studio Solution File, Format Version 12.00
# Visual Studio Version 17
VisualStudioVersion = 17.13.35913.81
MinimumVisualStudioVersion = 10.0.40219.1
Project("{2150E333-8FDC-42A3-9474-1A3956D46DE8}") = "ReadyGo.Microservices", "ReadyGo.Microservices", "{36D591C7-65C7-A0D1-1CBC-10CDE441BDC8}"
EndProject
Project("{2150E333-8FDC-42A3-9474-1A3956D46DE8}") = "ReadyGo.Identity", "ReadyGo.Identity", "{9F7C80EA-22D5-4CB9-A55B-068805333662}"
EndProject
Project("{2150E333-8FDC-42A3-9474-1A3956D46DE8}") = "ReadyGo.Identity.Core", "ReadyGo.Identity.Core", "{B342E9E0-3611-47D8-BEBC-EE071394E75B}"
EndProject
Project("{FAE04EC0-301F-11D3-BF4B-00C04F79EFBC}") = "ReadyGo.Identity.Domain", "ReadyGo.Microservices\ReadyGo.Identity\ReadyGo.Identity.Core\ReadyGo.Identity.Domain\ReadyGo.Identity.Domain.csproj", "{6DC684BA-8976-416C-941D-07C7EFF05AA7}"
EndProject
Project("{2150E333-8FDC-42A3-9474-1A3956D46DE8}") = "ReadyGo.Identity.Infrastructure", "ReadyGo.Identity.Infrastructure", "{F9CABC1F-0E46-469B-BD18-8488473A1071}"
EndProject
Project("{FAE04EC0-301F-11D3-BF4B-00C04F79EFBC}") = "ReadyGo.Results", "ReadyGo.Results\ReadyGo.Results.csproj", "{9E5EA20A-38AA-122F-3B23-C4151AB40945}"
EndProject
Project("{FAE04EC0-301F-11D3-BF4B-00C04F79EFBC}") = "ReadyGo.Identity.Persistence", "ReadyGo.Microservices\ReadyGo.Identity\ReadyGo.Identity.Infrastructure\ReadyGo.Identity.Persistence\ReadyGo.Identity.Persistence.csproj", "{F0B56747-278A-4571-8BC5-4CD048057E9F}"
EndProject
Project("{FAE04EC0-301F-11D3-BF4B-00C04F79EFBC}") = "ReadyGo.Identity.Application", "ReadyGo.Microservices\ReadyGo.Identity\ReadyGo.Identity.Core\ReadyGo.Identity.Application\ReadyGo.Identity.Application.csproj", "{C6F254FB-1B1B-4D1B-B151-4F7306DCA85C}"
EndProject
Project("{2150E333-8FDC-42A3-9474-1A3956D46DE8}") = "ReadyGo.Identity.Web", "ReadyGo.Identity.Web", "{A7EE6681-F6C4-432A-B354-626DE101A9F9}"
EndProject
Project("{FAE04EC0-301F-11D3-BF4B-00C04F79EFBC}") = "ReadyGo.Identity.Api", "ReadyGo.Microservices\ReadyGo.Identity\ReadyGo.Identity.Web\ReadyGo.Identity.Api\ReadyGo.Identity.Api.csproj", "{8FE10CBB-7AEC-46AF-8491-80993A838770}"
EndProject
Project("{FAE04EC0-301F-11D3-BF4B-00C04F79EFBC}") = "ReadyGo.Identity.Outbox", "ReadyGo.Microservices\ReadyGo.Identity\ReadyGo.Identity.Infrastructure\ReadyGo.Identity.Outbox\ReadyGo.Identity.Outbox.csproj", "{0424E9D5-F52B-43E5-98DE-F0D0B45FE794}"
EndProject
Global
	GlobalSection(SolutionConfigurationPlatforms) = preSolution
		Debug|Any CPU = Debug|Any CPU
		Release|Any CPU = Release|Any CPU
	EndGlobalSection
	GlobalSection(ProjectConfigurationPlatforms) = postSolution
		{6DC684BA-8976-416C-941D-07C7EFF05AA7}.Debug|Any CPU.ActiveCfg = Debug|Any CPU
		{6DC684BA-8976-416C-941D-07C7EFF05AA7}.Debug|Any CPU.Build.0 = Debug|Any CPU
		{6DC684BA-8976-416C-941D-07C7EFF05AA7}.Release|Any CPU.ActiveCfg = Release|Any CPU
		{6DC684BA-8976-416C-941D-07C7EFF05AA7}.Release|Any CPU.Build.0 = Release|Any CPU
		{9E5EA20A-38AA-122F-3B23-C4151AB40945}.Debug|Any CPU.ActiveCfg = Debug|Any CPU
		{9E5EA20A-38AA-122F-3B23-C4151AB40945}.Debug|Any CPU.Build.0 = Debug|Any CPU
		{9E5EA20A-38AA-122F-3B23-C4151AB40945}.Release|Any CPU.ActiveCfg = Release|Any CPU
		{9E5EA20A-38AA-122F-3B23-C4151AB40945}.Release|Any CPU.Build.0 = Release|Any CPU
		{F0B56747-278A-4571-8BC5-4CD048057E9F}.Debug|Any CPU.ActiveCfg = Debug|Any CPU
		{F0B56747-278A-4571-8BC5-4CD048057E9F}.Debug|Any CPU.Build.0 = Debug|Any CPU
		{F0B56747-278A-4571-8BC5-4CD048057E9F}.Release|Any CPU.ActiveCfg = Release|Any CPU
		{F0B56747-278A-4571-8BC5-4CD048057E9F}.Release|Any CPU.Build.0 = Release|Any CPU
		{C6F254FB-1B1B-4D1B-B151-4F7306DCA85C}.Debug|Any CPU.ActiveCfg = Debug|Any CPU
		{C6F254FB-1B1B-4D1B-B151-4F7306DCA85C}.Debug|Any CPU.Build.0 = Debug|Any CPU
		{C6F254FB-1B1B-4D1B-B151-4F7306DCA85C}.Release|Any CPU.ActiveCfg = Release|Any CPU
		{C6F254FB-1B1B-4D1B-B151-4F7306DCA85C}.Release|Any CPU.Build.0 = Release|Any CPU
		{8FE10CBB-7AEC-46AF-8491-80993A838770}.Debug|Any CPU.ActiveCfg = Debug|Any CPU
		{8FE10CBB-7AEC-46AF-8491-80993A838770}.Debug|Any CPU.Build.0 = Debug|Any CPU
		{8FE10CBB-7AEC-46AF-8491-80993A838770}.Release|Any CPU.ActiveCfg = Release|Any CPU
		{8FE10CBB-7AEC-46AF-8491-80993A838770}.Release|Any CPU.Build.0 = Release|Any CPU
		{0424E9D5-F52B-43E5-98DE-F0D0B45FE794}.Debug|Any CPU.ActiveCfg = Debug|Any CPU
		{0424E9D5-F52B-43E5-98DE-F0D0B45FE794}.Debug|Any CPU.Build.0 = Debug|Any CPU
		{0424E9D5-F52B-43E5-98DE-F0D0B45FE794}.Release|Any CPU.ActiveCfg = Release|Any CPU
		{0424E9D5-F52B-43E5-98DE-F0D0B45FE794}.Release|Any CPU.Build.0 = Release|Any CPU
	EndGlobalSection
	GlobalSection(SolutionProperties) = preSolution
		HideSolutionNode = FALSE
	EndGlobalSection
	GlobalSection(NestedProjects) = preSolution
		{9F7C80EA-22D5-4CB9-A55B-068805333662} = {36D591C7-65C7-A0D1-1CBC-10CDE441BDC8}
		{B342E9E0-3611-47D8-BEBC-EE071394E75B} = {9F7C80EA-22D5-4CB9-A55B-068805333662}
		{6DC684BA-8976-416C-941D-07C7EFF05AA7} = {B342E9E0-3611-47D8-BEBC-EE071394E75B}
		{F9CABC1F-0E46-469B-BD18-8488473A1071} = {9F7C80EA-22D5-4CB9-A55B-068805333662}
		{F0B56747-278A-4571-8BC5-4CD048057E9F} = {F9CABC1F-0E46-469B-BD18-8488473A1071}
		{C6F254FB-1B1B-4D1B-B151-4F7306DCA85C} = {B342E9E0-3611-47D8-BEBC-EE071394E75B}
		{A7EE6681-F6C4-432A-B354-626DE101A9F9} = {9F7C80EA-22D5-4CB9-A55B-068805333662}
		{8FE10CBB-7AEC-46AF-8491-80993A838770} = {A7EE6681-F6C4-432A-B354-626DE101A9F9}
		{0424E9D5-F52B-43E5-98DE-F0D0B45FE794} = {F9CABC1F-0E46-469B-BD18-8488473A1071}
	EndGlobalSection
	GlobalSection(ExtensibilityGlobals) = postSolution
		SolutionGuid = {9A2248D4-C310-4B42-9DD7-B8039C38C2B9}
	EndGlobalSection
EndGlobal
